
Microsoft Visual Studio Solution File, Format Version 12.00
# Visual Studio 14
VisualStudioVersion = 14.0.23107.0
MinimumVisualStudioVersion = 10.0.40219.1
Project("{FAE04EC0-301F-11D3-BF4B-00C04F79EFBC}") = "DevApps.Podcast", "DevApps.Podcast\DevApps.Podcast.csproj", "{BA67C755-3C5F-4EF5-B7D2-18F07F45FAD0}"
EndProject
Project("{FAE04EC0-301F-11D3-BF4B-00C04F79EFBC}") = "DevApps.Podcast.Data", "DevApps.Podcast.Data\DevApps.Podcast.Data.csproj", "{753DB5C8-231C-4A39-B416-13914D7CF5B4}"
EndProject
Global
	GlobalSection(SolutionConfigurationPlatforms) = preSolution
		Debug|Any CPU = Debug|Any CPU
		Release|Any CPU = Release|Any CPU
	EndGlobalSection
	GlobalSection(ProjectConfigurationPlatforms) = postSolution
		{BA67C755-3C5F-4EF5-B7D2-18F07F45FAD0}.Debug|Any CPU.ActiveCfg = Debug|Any CPU
		{BA67C755-3C5F-4EF5-B7D2-18F07F45FAD0}.Debug|Any CPU.Build.0 = Debug|Any CPU
		{BA67C755-3C5F-4EF5-B7D2-18F07F45FAD0}.Release|Any CPU.ActiveCfg = Release|Any CPU
		{BA67C755-3C5F-4EF5-B7D2-18F07F45FAD0}.Release|Any CPU.Build.0 = Release|Any CPU
		{753DB5C8-231C-4A39-B416-13914D7CF5B4}.Debug|Any CPU.ActiveCfg = Debug|Any CPU
		{753DB5C8-231C-4A39-B416-13914D7CF5B4}.Debug|Any CPU.Build.0 = Debug|Any CPU
		{753DB5C8-231C-4A39-B416-13914D7CF5B4}.Release|Any CPU.ActiveCfg = Release|Any CPU
		{753DB5C8-231C-4A39-B416-13914D7CF5B4}.Release|Any CPU.Build.0 = Release|Any CPU
	EndGlobalSection
	GlobalSection(SolutionProperties) = preSolution
		HideSolutionNode = FALSE
	EndGlobalSection
EndGlobal
